// !$*UTF8*$!
{
	archiveVersion = 1;
	classes = {
	};
	objectVersion = 56;
	objects = {

/* Begin PBXBuildFile section */
		2204614F2C97186E007B6735 /* UIExtension.swift in Sources */ = {isa = PBXBuildFile; fileRef = 2204614E2C97186E007B6735 /* UIExtension.swift */; };
		220461512C9728F0007B6735 /* LoginView.swift in Sources */ = {isa = PBXBuildFile; fileRef = 220461502C9728F0007B6735 /* LoginView.swift */; };
		221E6A7B2C9709B300407D26 /* FMA_mobApp.swift in Sources */ = {isa = PBXBuildFile; fileRef = 221E6A7A2C9709B300407D26 /* FMA_mobApp.swift */; };
		221E6A7F2C9709B600407D26 /* Assets.xcassets in Resources */ = {isa = PBXBuildFile; fileRef = 221E6A7E2C9709B600407D26 /* Assets.xcassets */; };
		221E6A822C9709B600407D26 /* Preview Assets.xcassets in Resources */ = {isa = PBXBuildFile; fileRef = 221E6A812C9709B600407D26 /* Preview Assets.xcassets */; };
		221E6A8C2C9709B600407D26 /* FMA_mobTests.swift in Sources */ = {isa = PBXBuildFile; fileRef = 221E6A8B2C9709B600407D26 /* FMA_mobTests.swift */; };
		221E6A962C9709B600407D26 /* FMA_mobUITests.swift in Sources */ = {isa = PBXBuildFile; fileRef = 221E6A952C9709B600407D26 /* FMA_mobUITests.swift */; };
		221E6A982C9709B600407D26 /* FMA_mobUITestsLaunchTests.swift in Sources */ = {isa = PBXBuildFile; fileRef = 221E6A972C9709B600407D26 /* FMA_mobUITestsLaunchTests.swift */; };
		221E6AA82C970A1700407D26 /* Gilroy-Regular.ttf in Resources */ = {isa = PBXBuildFile; fileRef = 221E6AA52C970A1600407D26 /* Gilroy-Regular.ttf */; };
		221E6AA92C970A1700407D26 /* Gilroy-SemiBold.ttf in Resources */ = {isa = PBXBuildFile; fileRef = 221E6AA62C970A1600407D26 /* Gilroy-SemiBold.ttf */; };
		221E6AAA2C970A1700407D26 /* Gilroy-Bold.ttf in Resources */ = {isa = PBXBuildFile; fileRef = 221E6AA72C970A1600407D26 /* Gilroy-Bold.ttf */; };
		221E6AB32C970BA300407D26 /* WelcomeView.swift in Sources */ = {isa = PBXBuildFile; fileRef = 221E6AB22C970BA300407D26 /* WelcomeView.swift */; };
		221E6AB52C970BE600407D26 /* Launch Screen.storyboard in Resources */ = {isa = PBXBuildFile; fileRef = 221E6AB42C970BE500407D26 /* Launch Screen.storyboard */; };
/* End PBXBuildFile section */

/* Begin PBXContainerItemProxy section */
		221E6A882C9709B600407D26 /* PBXContainerItemProxy */ = {
			isa = PBXContainerItemProxy;
			containerPortal = 221E6A6F2C9709B300407D26 /* Project object */;
			proxyType = 1;
			remoteGlobalIDString = 221E6A762C9709B300407D26;
			remoteInfo = FMA_mob;
		};
		221E6A922C9709B600407D26 /* PBXContainerItemProxy */ = {
			isa = PBXContainerItemProxy;
			containerPortal = 221E6A6F2C9709B300407D26 /* Project object */;
			proxyType = 1;
			remoteGlobalIDString = 221E6A762C9709B300407D26;
			remoteInfo = FMA_mob;
		};
/* End PBXContainerItemProxy section */

/* Begin PBXFileReference section */
		2204614E2C97186E007B6735 /* UIExtension.swift */ = {isa = PBXFileReference; lastKnownFileType = sourcecode.swift; path = UIExtension.swift; sourceTree = "<group>"; };
		220461502C9728F0007B6735 /* LoginView.swift */ = {isa = PBXFileReference; lastKnownFileType = sourcecode.swift; path = LoginView.swift; sourceTree = "<group>"; };
		221E6A772C9709B300407D26 /* FMA_mob.app */ = {isa = PBXFileReference; explicitFileType = wrapper.application; includeInIndex = 0; path = FMA_mob.app; sourceTree = BUILT_PRODUCTS_DIR; };
		221E6A7A2C9709B300407D26 /* FMA_mobApp.swift */ = {isa = PBXFileReference; lastKnownFileType = sourcecode.swift; path = FMA_mobApp.swift; sourceTree = "<group>"; };
		221E6A7E2C9709B600407D26 /* Assets.xcassets */ = {isa = PBXFileReference; lastKnownFileType = folder.assetcatalog; path = Assets.xcassets; sourceTree = "<group>"; };
		221E6A812C9709B600407D26 /* Preview Assets.xcassets */ = {isa = PBXFileReference; lastKnownFileType = folder.assetcatalog; path = "Preview Assets.xcassets"; sourceTree = "<group>"; };
		221E6A872C9709B600407D26 /* FMA_mobTests.xctest */ = {isa = PBXFileReference; explicitFileType = wrapper.cfbundle; includeInIndex = 0; path = FMA_mobTests.xctest; sourceTree = BUILT_PRODUCTS_DIR; };
		221E6A8B2C9709B600407D26 /* FMA_mobTests.swift */ = {isa = PBXFileReference; lastKnownFileType = sourcecode.swift; path = FMA_mobTests.swift; sourceTree = "<group>"; };
		221E6A912C9709B600407D26 /* FMA_mobUITests.xctest */ = {isa = PBXFileReference; explicitFileType = wrapper.cfbundle; includeInIndex = 0; path = FMA_mobUITests.xctest; sourceTree = BUILT_PRODUCTS_DIR; };
		221E6A952C9709B600407D26 /* FMA_mobUITests.swift */ = {isa = PBXFileReference; lastKnownFileType = sourcecode.swift; path = FMA_mobUITests.swift; sourceTree = "<group>"; };
		221E6A972C9709B600407D26 /* FMA_mobUITestsLaunchTests.swift */ = {isa = PBXFileReference; lastKnownFileType = sourcecode.swift; path = FMA_mobUITestsLaunchTests.swift; sourceTree = "<group>"; };
		221E6AA52C970A1600407D26 /* Gilroy-Regular.ttf */ = {isa = PBXFileReference; lastKnownFileType = file; path = "Gilroy-Regular.ttf"; sourceTree = "<group>"; };
		221E6AA62C970A1600407D26 /* Gilroy-SemiBold.ttf */ = {isa = PBXFileReference; lastKnownFileType = file; path = "Gilroy-SemiBold.ttf"; sourceTree = "<group>"; };
		221E6AA72C970A1600407D26 /* Gilroy-Bold.ttf */ = {isa = PBXFileReference; lastKnownFileType = file; path = "Gilroy-Bold.ttf"; sourceTree = "<group>"; };
		221E6AAB2C970A7500407D26 /* FMA-mob-Info.plist */ = {isa = PBXFileReference; lastKnownFileType = text.plist; path = "FMA-mob-Info.plist"; sourceTree = SOURCE_ROOT; };
		221E6AB22C970BA300407D26 /* WelcomeView.swift */ = {isa = PBXFileReference; lastKnownFileType = sourcecode.swift; path = WelcomeView.swift; sourceTree = "<group>"; };
		221E6AB42C970BE500407D26 /* Launch Screen.storyboard */ = {isa = PBXFileReference; lastKnownFileType = file.storyboard; path = "Launch Screen.storyboard"; sourceTree = "<group>"; };
/* End PBXFileReference section */

/* Begin PBXFrameworksBuildPhase section */
		221E6A742C9709B300407D26 /* Frameworks */ = {
			isa = PBXFrameworksBuildPhase;
			buildActionMask = 2147483647;
			files = (
			);
			runOnlyForDeploymentPostprocessing = 0;
		};
		221E6A842C9709B600407D26 /* Frameworks */ = {
			isa = PBXFrameworksBuildPhase;
			buildActionMask = 2147483647;
			files = (
			);
			runOnlyForDeploymentPostprocessing = 0;
		};
		221E6A8E2C9709B600407D26 /* Frameworks */ = {
			isa = PBXFrameworksBuildPhase;
			buildActionMask = 2147483647;
			files = (
			);
			runOnlyForDeploymentPostprocessing = 0;
		};
/* End PBXFrameworksBuildPhase section */

/* Begin PBXGroup section */
		221E6A6E2C9709B300407D26 = {
			isa = PBXGroup;
			children = (
				221E6A792C9709B300407D26 /* FMA_mob */,
				221E6A8A2C9709B600407D26 /* FMA_mobTests */,
				221E6A942C9709B600407D26 /* FMA_mobUITests */,
				221E6A782C9709B300407D26 /* Products */,
			);
			sourceTree = "<group>";
		};
		221E6A782C9709B300407D26 /* Products */ = {
			isa = PBXGroup;
			children = (
				221E6A772C9709B300407D26 /* FMA_mob.app */,
				221E6A872C9709B600407D26 /* FMA_mobTests.xctest */,
				221E6A912C9709B600407D26 /* FMA_mobUITests.xctest */,
			);
			name = Products;
			sourceTree = "<group>";
		};
		221E6A792C9709B300407D26 /* FMA_mob */ = {
			isa = PBXGroup;
			children = (
				221E6AAF2C970B3500407D26 /* UICommon */,
				221E6AAE2C970B2200407D26 /* ViewModel */,
				221E6AAD2C970B1400407D26 /* Model */,
				221E6AAC2C970AFB00407D26 /* View */,
				221E6AAB2C970A7500407D26 /* FMA-mob-Info.plist */,
				221E6AA42C970A1600407D26 /* Font */,
				221E6A7A2C9709B300407D26 /* FMA_mobApp.swift */,
				221E6A7E2C9709B600407D26 /* Assets.xcassets */,
				221E6A802C9709B600407D26 /* Preview Content */,
				221E6AB42C970BE500407D26 /* Launch Screen.storyboard */,
			);
			path = FMA_mob;
			sourceTree = "<group>";
		};
		221E6A802C9709B600407D26 /* Preview Content */ = {
			isa = PBXGroup;
			children = (
				221E6A812C9709B600407D26 /* Preview Assets.xcassets */,
			);
			path = "Preview Content";
			sourceTree = "<group>";
		};
		221E6A8A2C9709B600407D26 /* FMA_mobTests */ = {
			isa = PBXGroup;
			children = (
				221E6A8B2C9709B600407D26 /* FMA_mobTests.swift */,
			);
			path = FMA_mobTests;
			sourceTree = "<group>";
		};
		221E6A942C9709B600407D26 /* FMA_mobUITests */ = {
			isa = PBXGroup;
			children = (
				221E6A952C9709B600407D26 /* FMA_mobUITests.swift */,
				221E6A972C9709B600407D26 /* FMA_mobUITestsLaunchTests.swift */,
			);
			path = FMA_mobUITests;
			sourceTree = "<group>";
		};
		221E6AA42C970A1600407D26 /* Font */ = {
			isa = PBXGroup;
			children = (
				221E6AA52C970A1600407D26 /* Gilroy-Regular.ttf */,
				221E6AA62C970A1600407D26 /* Gilroy-SemiBold.ttf */,
				221E6AA72C970A1600407D26 /* Gilroy-Bold.ttf */,
			);
			path = Font;
			sourceTree = "<group>";
		};
		221E6AAC2C970AFB00407D26 /* View */ = {
			isa = PBXGroup;
			children = (
				221E6AB02C970B7000407D26 /* Login */,
			);
			path = View;
			sourceTree = "<group>";
		};
		221E6AAD2C970B1400407D26 /* Model */ = {
			isa = PBXGroup;
			children = (
			);
			path = Model;
			sourceTree = "<group>";
		};
		221E6AAE2C970B2200407D26 /* ViewModel */ = {
			isa = PBXGroup;
			children = (
			);
			path = ViewModel;
			sourceTree = "<group>";
		};
		221E6AAF2C970B3500407D26 /* UICommon */ = {
			isa = PBXGroup;
			children = (
				2204614E2C97186E007B6735 /* UIExtension.swift */,
			);
			path = UICommon;
			sourceTree = "<group>";
		};
		221E6AB02C970B7000407D26 /* Login */ = {
			isa = PBXGroup;
			children = (
				221E6AB22C970BA300407D26 /* WelcomeView.swift */,
				220461502C9728F0007B6735 /* LoginView.swift */,
			);
			path = Login;
			sourceTree = "<group>";
		};
/* End PBXGroup section */

/* Begin PBXNativeTarget section */
		221E6A762C9709B300407D26 /* FMA_mob */ = {
			isa = PBXNativeTarget;
			buildConfigurationList = 221E6A9B2C9709B600407D26 /* Build configuration list for PBXNativeTarget "FMA_mob" */;
			buildPhases = (
				221E6A732C9709B300407D26 /* Sources */,
				221E6A742C9709B300407D26 /* Frameworks */,
				221E6A752C9709B300407D26 /* Resources */,
			);
			buildRules = (
			);
			dependencies = (
			);
			name = FMA_mob;
			productName = FMA_mob;
			productReference = 221E6A772C9709B300407D26 /* FMA_mob.app */;
			productType = "com.apple.product-type.application";
		};
		221E6A862C9709B600407D26 /* FMA_mobTests */ = {
			isa = PBXNativeTarget;
			buildConfigurationList = 221E6A9E2C9709B600407D26 /* Build configuration list for PBXNativeTarget "FMA_mobTests" */;
			buildPhases = (
				221E6A832C9709B600407D26 /* Sources */,
				221E6A842C9709B600407D26 /* Frameworks */,
				221E6A852C9709B600407D26 /* Resources */,
			);
			buildRules = (
			);
			dependencies = (
				221E6A892C9709B600407D26 /* PBXTargetDependency */,
			);
			name = FMA_mobTests;
			productName = FMA_mobTests;
			productReference = 221E6A872C9709B600407D26 /* FMA_mobTests.xctest */;
			productType = "com.apple.product-type.bundle.unit-test";
		};
		221E6A902C9709B600407D26 /* FMA_mobUITests */ = {
			isa = PBXNativeTarget;
			buildConfigurationList = 221E6AA12C9709B600407D26 /* Build configuration list for PBXNativeTarget "FMA_mobUITests" */;
			buildPhases = (
				221E6A8D2C9709B600407D26 /* Sources */,
				221E6A8E2C9709B600407D26 /* Frameworks */,
				221E6A8F2C9709B600407D26 /* Resources */,
			);
			buildRules = (
			);
			dependencies = (
				221E6A932C9709B600407D26 /* PBXTargetDependency */,
			);
			name = FMA_mobUITests;
			productName = FMA_mobUITests;
			productReference = 221E6A912C9709B600407D26 /* FMA_mobUITests.xctest */;
			productType = "com.apple.product-type.bundle.ui-testing";
		};
/* End PBXNativeTarget section */

/* Begin PBXProject section */
		221E6A6F2C9709B300407D26 /* Project object */ = {
			isa = PBXProject;
			attributes = {
				BuildIndependentTargetsInParallel = 1;
				LastSwiftUpdateCheck = 1430;
				LastUpgradeCheck = 1430;
				TargetAttributes = {
					221E6A762C9709B300407D26 = {
						CreatedOnToolsVersion = 14.3.1;
					};
					221E6A862C9709B600407D26 = {
						CreatedOnToolsVersion = 14.3.1;
						TestTargetID = 221E6A762C9709B300407D26;
					};
					221E6A902C9709B600407D26 = {
						CreatedOnToolsVersion = 14.3.1;
						TestTargetID = 221E6A762C9709B300407D26;
					};
				};
			};
			buildConfigurationList = 221E6A722C9709B300407D26 /* Build configuration list for PBXProject "FMA_mob" */;
			compatibilityVersion = "Xcode 14.0";
			developmentRegion = en;
			hasScannedForEncodings = 0;
			knownRegions = (
				en,
				Base,
			);
			mainGroup = 221E6A6E2C9709B300407D26;
			productRefGroup = 221E6A782C9709B300407D26 /* Products */;
			projectDirPath = "";
			projectRoot = "";
			targets = (
				221E6A762C9709B300407D26 /* FMA_mob */,
				221E6A862C9709B600407D26 /* FMA_mobTests */,
				221E6A902C9709B600407D26 /* FMA_mobUITests */,
			);
		};
/* End PBXProject section */

/* Begin PBXResourcesBuildPhase section */
		221E6A752C9709B300407D26 /* Resources */ = {
			isa = PBXResourcesBuildPhase;
			buildActionMask = 2147483647;
			files = (
				221E6AB52C970BE600407D26 /* Launch Screen.storyboard in Resources */,
				221E6A822C9709B600407D26 /* Preview Assets.xcassets in Resources */,
				221E6AA92C970A1700407D26 /* Gilroy-SemiBold.ttf in Resources */,
				221E6AAA2C970A1700407D26 /* Gilroy-Bold.ttf in Resources */,
				221E6AA82C970A1700407D26 /* Gilroy-Regular.ttf in Resources */,
				221E6A7F2C9709B600407D26 /* Assets.xcassets in Resources */,
			);
			runOnlyForDeploymentPostprocessing = 0;
		};
		221E6A852C9709B600407D26 /* Resources */ = {
			isa = PBXResourcesBuildPhase;
			buildActionMask = 2147483647;
			files = (
			);
			runOnlyForDeploymentPostprocessing = 0;
		};
		221E6A8F2C9709B600407D26 /* Resources */ = {
			isa = PBXResourcesBuildPhase;
			buildActionMask = 2147483647;
			files = (
			);
			runOnlyForDeploymentPostprocessing = 0;
		};
/* End PBXResourcesBuildPhase section */

/* Begin PBXSourcesBuildPhase section */
		221E6A732C9709B300407D26 /* Sources */ = {
			isa = PBXSourcesBuildPhase;
			buildActionMask = 2147483647;
			files = (
				221E6A7B2C9709B300407D26 /* FMA_mobApp.swift in Sources */,
				2204614F2C97186E007B6735 /* UIExtension.swift in Sources */,
				220461512C9728F0007B6735 /* LoginView.swift in Sources */,
				221E6AB32C970BA300407D26 /* WelcomeView.swift in Sources */,
			);
			runOnlyForDeploymentPostprocessing = 0;
		};
		221E6A832C9709B600407D26 /* Sources */ = {
			isa = PBXSourcesBuildPhase;
			buildActionMask = 2147483647;
			files = (
				221E6A8C2C9709B600407D26 /* FMA_mobTests.swift in Sources */,
			);
			runOnlyForDeploymentPostprocessing = 0;
		};
		221E6A8D2C9709B600407D26 /* Sources */ = {
			isa = PBXSourcesBuildPhase;
			buildActionMask = 2147483647;
			files = (
				221E6A982C9709B600407D26 /* FMA_mobUITestsLaunchTests.swift in Sources */,
				221E6A962C9709B600407D26 /* FMA_mobUITests.swift in Sources */,
			);
			runOnlyForDeploymentPostprocessing = 0;
		};
/* End PBXSourcesBuildPhase section */

/* Begin PBXTargetDependency section */
		221E6A892C9709B600407D26 /* PBXTargetDependency */ = {
			isa = PBXTargetDependency;
			target = 221E6A762C9709B300407D26 /* FMA_mob */;
			targetProxy = 221E6A882C9709B600407D26 /* PBXContainerItemProxy */;
		};
		221E6A932C9709B600407D26 /* PBXTargetDependency */ = {
			isa = PBXTargetDependency;
			target = 221E6A762C9709B300407D26 /* FMA_mob */;
			targetProxy = 221E6A922C9709B600407D26 /* PBXContainerItemProxy */;
		};
/* End PBXTargetDependency section */

/* Begin XCBuildConfiguration section */
		221E6A992C9709B600407D26 /* Debug */ = {
			isa = XCBuildConfiguration;
			buildSettings = {
				ALWAYS_SEARCH_USER_PATHS = NO;
				CLANG_ANALYZER_NONNULL = YES;
				CLANG_ANALYZER_NUMBER_OBJECT_CONVERSION = YES_AGGRESSIVE;
				CLANG_CXX_LANGUAGE_STANDARD = "gnu++20";
				CLANG_ENABLE_MODULES = YES;
				CLANG_ENABLE_OBJC_ARC = YES;
				CLANG_ENABLE_OBJC_WEAK = YES;
				CLANG_WARN_BLOCK_CAPTURE_AUTORELEASING = YES;
				CLANG_WARN_BOOL_CONVERSION = YES;
				CLANG_WARN_COMMA = YES;
				CLANG_WARN_CONSTANT_CONVERSION = YES;
				CLANG_WARN_DEPRECATED_OBJC_IMPLEMENTATIONS = YES;
				CLANG_WARN_DIRECT_OBJC_ISA_USAGE = YES_ERROR;
				CLANG_WARN_DOCUMENTATION_COMMENTS = YES;
				CLANG_WARN_EMPTY_BODY = YES;
				CLANG_WARN_ENUM_CONVERSION = YES;
				CLANG_WARN_INFINITE_RECURSION = YES;
				CLANG_WARN_INT_CONVERSION = YES;
				CLANG_WARN_NON_LITERAL_NULL_CONVERSION = YES;
				CLANG_WARN_OBJC_IMPLICIT_RETAIN_SELF = YES;
				CLANG_WARN_OBJC_LITERAL_CONVERSION = YES;
				CLANG_WARN_OBJC_ROOT_CLASS = YES_ERROR;
				CLANG_WARN_QUOTED_INCLUDE_IN_FRAMEWORK_HEADER = YES;
				CLANG_WARN_RANGE_LOOP_ANALYSIS = YES;
				CLANG_WARN_STRICT_PROTOTYPES = YES;
				CLANG_WARN_SUSPICIOUS_MOVE = YES;
				CLANG_WARN_UNGUARDED_AVAILABILITY = YES_AGGRESSIVE;
				CLANG_WARN_UNREACHABLE_CODE = YES;
				CLANG_WARN__DUPLICATE_METHOD_MATCH = YES;
				COPY_PHASE_STRIP = NO;
				DEBUG_INFORMATION_FORMAT = dwarf;
				ENABLE_STRICT_OBJC_MSGSEND = YES;
				ENABLE_TESTABILITY = YES;
				GCC_C_LANGUAGE_STANDARD = gnu11;
				GCC_DYNAMIC_NO_PIC = NO;
				GCC_NO_COMMON_BLOCKS = YES;
				GCC_OPTIMIZATION_LEVEL = 0;
				GCC_PREPROCESSOR_DEFINITIONS = (
					"DEBUG=1",
					"$(inherited)",
				);
				GCC_WARN_64_TO_32_BIT_CONVERSION = YES;
				GCC_WARN_ABOUT_RETURN_TYPE = YES_ERROR;
				GCC_WARN_UNDECLARED_SELECTOR = YES;
				GCC_WARN_UNINITIALIZED_AUTOS = YES_AGGRESSIVE;
				GCC_WARN_UNUSED_FUNCTION = YES;
				GCC_WARN_UNUSED_VARIABLE = YES;
				IPHONEOS_DEPLOYMENT_TARGET = 16.4;
				MTL_ENABLE_DEBUG_INFO = INCLUDE_SOURCE;
				MTL_FAST_MATH = YES;
				ONLY_ACTIVE_ARCH = YES;
				SDKROOT = iphoneos;
				SWIFT_ACTIVE_COMPILATION_CONDITIONS = DEBUG;
				SWIFT_OPTIMIZATION_LEVEL = "-Onone";
			};
			name = Debug;
		};
		221E6A9A2C9709B600407D26 /* Release */ = {
			isa = XCBuildConfiguration;
			buildSettings = {
				ALWAYS_SEARCH_USER_PATHS = NO;
				CLANG_ANALYZER_NONNULL = YES;
				CLANG_ANALYZER_NUMBER_OBJECT_CONVERSION = YES_AGGRESSIVE;
				CLANG_CXX_LANGUAGE_STANDARD = "gnu++20";
				CLANG_ENABLE_MODULES = YES;
				CLANG_ENABLE_OBJC_ARC = YES;
				CLANG_ENABLE_OBJC_WEAK = YES;
				CLANG_WARN_BLOCK_CAPTURE_AUTORELEASING = YES;
				CLANG_WARN_BOOL_CONVERSION = YES;
				CLANG_WARN_COMMA = YES;
				CLANG_WARN_CONSTANT_CONVERSION = YES;
				CLANG_WARN_DEPRECATED_OBJC_IMPLEMENTATIONS = YES;
				CLANG_WARN_DIRECT_OBJC_ISA_USAGE = YES_ERROR;
				CLANG_WARN_DOCUMENTATION_COMMENTS = YES;
				CLANG_WARN_EMPTY_BODY = YES;
				CLANG_WARN_ENUM_CONVERSION = YES;
				CLANG_WARN_INFINITE_RECURSION = YES;
				CLANG_WARN_INT_CONVERSION = YES;
				CLANG_WARN_NON_LITERAL_NULL_CONVERSION = YES;
				CLANG_WARN_OBJC_IMPLICIT_RETAIN_SELF = YES;
				CLANG_WARN_OBJC_LITERAL_CONVERSION = YES;
				CLANG_WARN_OBJC_ROOT_CLASS = YES_ERROR;
				CLANG_WARN_QUOTED_INCLUDE_IN_FRAMEWORK_HEADER = YES;
				CLANG_WARN_RANGE_LOOP_ANALYSIS = YES;
				CLANG_WARN_STRICT_PROTOTYPES = YES;
				CLANG_WARN_SUSPICIOUS_MOVE = YES;
				CLANG_WARN_UNGUARDED_AVAILABILITY = YES_AGGRESSIVE;
				CLANG_WARN_UNREACHABLE_CODE = YES;
				CLANG_WARN__DUPLICATE_METHOD_MATCH = YES;
				COPY_PHASE_STRIP = NO;
				DEBUG_INFORMATION_FORMAT = "dwarf-with-dsym";
				ENABLE_NS_ASSERTIONS = NO;
				ENABLE_STRICT_OBJC_MSGSEND = YES;
				GCC_C_LANGUAGE_STANDARD = gnu11;
				GCC_NO_COMMON_BLOCKS = YES;
				GCC_WARN_64_TO_32_BIT_CONVERSION = YES;
				GCC_WARN_ABOUT_RETURN_TYPE = YES_ERROR;
				GCC_WARN_UNDECLARED_SELECTOR = YES;
				GCC_WARN_UNINITIALIZED_AUTOS = YES_AGGRESSIVE;
				GCC_WARN_UNUSED_FUNCTION = YES;
				GCC_WARN_UNUSED_VARIABLE = YES;
				IPHONEOS_DEPLOYMENT_TARGET = 16.4;
				MTL_ENABLE_DEBUG_INFO = NO;
				MTL_FAST_MATH = YES;
				SDKROOT = iphoneos;
				SWIFT_COMPILATION_MODE = wholemodule;
				SWIFT_OPTIMIZATION_LEVEL = "-O";
				VALIDATE_PRODUCT = YES;
			};
			name = Release;
		};
		221E6A9C2C9709B600407D26 /* Debug */ = {
			isa = XCBuildConfiguration;
			buildSettings = {
				ASSETCATALOG_COMPILER_APPICON_NAME = AppIcon;
				ASSETCATALOG_COMPILER_GLOBAL_ACCENT_COLOR_NAME = AccentColor;
				CODE_SIGN_STYLE = Automatic;
				CURRENT_PROJECT_VERSION = 1;
				DEVELOPMENT_ASSET_PATHS = "\"FMA_mob/Preview Content\"";
				DEVELOPMENT_TEAM = 29727T86D3;
				ENABLE_PREVIEWS = YES;
				GENERATE_INFOPLIST_FILE = YES;
				INFOPLIST_FILE = "FMA-mob-Info.plist";
				INFOPLIST_KEY_UIApplicationSceneManifest_Generation = YES;
				INFOPLIST_KEY_UIApplicationSupportsIndirectInputEvents = YES;
				INFOPLIST_KEY_UILaunchScreen_Generation = YES;
				INFOPLIST_KEY_UILaunchStoryboardName = "Launch Screen.storyboard";
				INFOPLIST_KEY_UIStatusBarHidden = YES;
				INFOPLIST_KEY_UISupportedInterfaceOrientations = UIInterfaceOrientationPortrait;
				IPHONEOS_DEPLOYMENT_TARGET = 16.0;
				LD_RUNPATH_SEARCH_PATHS = (
					"$(inherited)",
					"@executable_path/Frameworks",
				);
				MARKETING_VERSION = 1.0;
				PRODUCT_BUNDLE_IDENTIFIER = "meDilnazNauryzbayeva.FMA-mob";
				PRODUCT_NAME = "$(TARGET_NAME)";
				SUPPORTED_PLATFORMS = "iphoneos iphonesimulator";
				SUPPORTS_MACCATALYST = NO;
				SUPPORTS_MAC_DESIGNED_FOR_IPHONE_IPAD = NO;
				SWIFT_EMIT_LOC_STRINGS = YES;
				SWIFT_VERSION = 5.0;
				TARGETED_DEVICE_FAMILY = 1;
			};
			name = Debug;
		};
		221E6A9D2C9709B600407D26 /* Release */ = {
			isa = XCBuildConfiguration;
			buildSettings = {
				ASSETCATALOG_COMPILER_APPICON_NAME = AppIcon;
				ASSETCATALOG_COMPILER_GLOBAL_ACCENT_COLOR_NAME = AccentColor;
				CODE_SIGN_STYLE = Automatic;
				CURRENT_PROJECT_VERSION = 1;
				DEVELOPMENT_ASSET_PATHS = "\"FMA_mob/Preview Content\"";
				DEVELOPMENT_TEAM = 29727T86D3;
				ENABLE_PREVIEWS = YES;
				GENERATE_INFOPLIST_FILE = YES;
				INFOPLIST_FILE = "FMA-mob-Info.plist";
				INFOPLIST_KEY_UIApplicationSceneManifest_Generation = YES;
				INFOPLIST_KEY_UIApplicationSupportsIndirectInputEvents = YES;
				INFOPLIST_KEY_UILaunchScreen_Generation = YES;
				INFOPLIST_KEY_UILaunchStoryboardName = "Launch Screen.storyboard";
				INFOPLIST_KEY_UIStatusBarHidden = YES;
				INFOPLIST_KEY_UISupportedInterfaceOrientations = UIInterfaceOrientationPortrait;
				IPHONEOS_DEPLOYMENT_TARGET = 16.0;
				LD_RUNPATH_SEARCH_PATHS = (
					"$(inherited)",
					"@executable_path/Frameworks",
				);
				MARKETING_VERSION = 1.0;
				PRODUCT_BUNDLE_IDENTIFIER = "meDilnazNauryzbayeva.FMA-mob";
				PRODUCT_NAME = "$(TARGET_NAME)";
				SUPPORTED_PLATFORMS = "iphoneos iphonesimulator";
				SUPPORTS_MACCATALYST = NO;
				SUPPORTS_MAC_DESIGNED_FOR_IPHONE_IPAD = NO;
				SWIFT_EMIT_LOC_STRINGS = YES;
				SWIFT_VERSION = 5.0;
				TARGETED_DEVICE_FAMILY = 1;
			};
			name = Release;
		};
		221E6A9F2C9709B600407D26 /* Debug */ = {
			isa = XCBuildConfiguration;
			buildSettings = {
				ALWAYS_EMBED_SWIFT_STANDARD_LIBRARIES = YES;
				BUNDLE_LOADER = "$(TEST_HOST)";
				CODE_SIGN_STYLE = Automatic;
				CURRENT_PROJECT_VERSION = 1;
				DEVELOPMENT_TEAM = 29727T86D3;
				GENERATE_INFOPLIST_FILE = YES;
				IPHONEOS_DEPLOYMENT_TARGET = 16.4;
				MARKETING_VERSION = 1.0;
				PRODUCT_BUNDLE_IDENTIFIER = "meDilnazNauryzbayeva.FMA-mobTests";
				PRODUCT_NAME = "$(TARGET_NAME)";
				SWIFT_EMIT_LOC_STRINGS = NO;
				SWIFT_VERSION = 5.0;
				TARGETED_DEVICE_FAMILY = "1,2";
				TEST_HOST = "$(BUILT_PRODUCTS_DIR)/FMA_mob.app/$(BUNDLE_EXECUTABLE_FOLDER_PATH)/FMA_mob";
			};
			name = Debug;
		};
		221E6AA02C9709B600407D26 /* Release */ = {
			isa = XCBuildConfiguration;
			buildSettings = {
				ALWAYS_EMBED_SWIFT_STANDARD_LIBRARIES = YES;
				BUNDLE_LOADER = "$(TEST_HOST)";
				CODE_SIGN_STYLE = Automatic;
				CURRENT_PROJECT_VERSION = 1;
				DEVELOPMENT_TEAM = 29727T86D3;
				GENERATE_INFOPLIST_FILE = YES;
				IPHONEOS_DEPLOYMENT_TARGET = 16.4;
				MARKETING_VERSION = 1.0;
				PRODUCT_BUNDLE_IDENTIFIER = "meDilnazNauryzbayeva.FMA-mobTests";
				PRODUCT_NAME = "$(TARGET_NAME)";
				SWIFT_EMIT_LOC_STRINGS = NO;
				SWIFT_VERSION = 5.0;
				TARGETED_DEVICE_FAMILY = "1,2";
				TEST_HOST = "$(BUILT_PRODUCTS_DIR)/FMA_mob.app/$(BUNDLE_EXECUTABLE_FOLDER_PATH)/FMA_mob";
			};
			name = Release;
		};
		221E6AA22C9709B600407D26 /* Debug */ = {
			isa = XCBuildConfiguration;
			buildSettings = {
				ALWAYS_EMBED_SWIFT_STANDARD_LIBRARIES = YES;
				CODE_SIGN_STYLE = Automatic;
				CURRENT_PROJECT_VERSION = 1;
				DEVELOPMENT_TEAM = 29727T86D3;
				GENERATE_INFOPLIST_FILE = YES;
				MARKETING_VERSION = 1.0;
				PRODUCT_BUNDLE_IDENTIFIER = "meDilnazNauryzbayeva.FMA-mobUITests";
				PRODUCT_NAME = "$(TARGET_NAME)";
				SWIFT_EMIT_LOC_STRINGS = NO;
				SWIFT_VERSION = 5.0;
				TARGETED_DEVICE_FAMILY = "1,2";
				TEST_TARGET_NAME = FMA_mob;
			};
			name = Debug;
		};
		221E6AA32C9709B600407D26 /* Release */ = {
			isa = XCBuildConfiguration;
			buildSettings = {
				ALWAYS_EMBED_SWIFT_STANDARD_LIBRARIES = YES;
				CODE_SIGN_STYLE = Automatic;
				CURRENT_PROJECT_VERSION = 1;
				DEVELOPMENT_TEAM = 29727T86D3;
				GENERATE_INFOPLIST_FILE = YES;
				MARKETING_VERSION = 1.0;
				PRODUCT_BUNDLE_IDENTIFIER = "meDilnazNauryzbayeva.FMA-mobUITests";
				PRODUCT_NAME = "$(TARGET_NAME)";
				SWIFT_EMIT_LOC_STRINGS = NO;
				SWIFT_VERSION = 5.0;
				TARGETED_DEVICE_FAMILY = "1,2";
				TEST_TARGET_NAME = FMA_mob;
			};
			name = Release;
		};
/* End XCBuildConfiguration section */

/* Begin XCConfigurationList section */
		221E6A722C9709B300407D26 /* Build configuration list for PBXProject "FMA_mob" */ = {
			isa = XCConfigurationList;
			buildConfigurations = (
				221E6A992C9709B600407D26 /* Debug */,
				221E6A9A2C9709B600407D26 /* Release */,
			);
			defaultConfigurationIsVisible = 0;
			defaultConfigurationName = Release;
		};
		221E6A9B2C9709B600407D26 /* Build configuration list for PBXNativeTarget "FMA_mob" */ = {
			isa = XCConfigurationList;
			buildConfigurations = (
				221E6A9C2C9709B600407D26 /* Debug */,
				221E6A9D2C9709B600407D26 /* Release */,
			);
			defaultConfigurationIsVisible = 0;
			defaultConfigurationName = Release;
		};
		221E6A9E2C9709B600407D26 /* Build configuration list for PBXNativeTarget "FMA_mobTests" */ = {
			isa = XCConfigurationList;
			buildConfigurations = (
				221E6A9F2C9709B600407D26 /* Debug */,
				221E6AA02C9709B600407D26 /* Release */,
			);
			defaultConfigurationIsVisible = 0;
			defaultConfigurationName = Release;
		};
		221E6AA12C9709B600407D26 /* Build configuration list for PBXNativeTarget "FMA_mobUITests" */ = {
			isa = XCConfigurationList;
			buildConfigurations = (
				221E6AA22C9709B600407D26 /* Debug */,
				221E6AA32C9709B600407D26 /* Release */,
			);
			defaultConfigurationIsVisible = 0;
			defaultConfigurationName = Release;
		};
/* End XCConfigurationList section */
	};
	rootObject = 221E6A6F2C9709B300407D26 /* Project object */;
}
